
Microsoft Visual Studio Solution File, Format Version 12.00
# Visual Studio Version 16
VisualStudioVersion = 16.0.31410.357
MinimumVisualStudioVersion = 10.0.40219.1
Project("{FAE04EC0-301F-11D3-BF4B-00C04F79EFBC}") = "LogService", "LogService\LogService.csproj", "{B3FC9EE2-F93A-4C87-8361-D551369B522B}"
EndProject
Global
	GlobalSection(SolutionConfigurationPlatforms) = preSolution
		Debug|Any CPU = Debug|Any CPU
		Release|Any CPU = Release|Any CPU
	EndGlobalSection
	GlobalSection(ProjectConfigurationPlatforms) = postSolution
		{B3FC9EE2-F93A-4C87-8361-D551369B522B}.Debug|Any CPU.ActiveCfg = Debug|Any CPU
		{B3FC9EE2-F93A-4C87-8361-D551369B522B}.Debug|Any CPU.Build.0 = Debug|Any CPU
		{B3FC9EE2-F93A-4C87-8361-D551369B522B}.Release|Any CPU.ActiveCfg = Release|Any CPU
		{B3FC9EE2-F93A-4C87-8361-D551369B522B}.Release|Any CPU.Build.0 = Release|Any CPU
	EndGlobalSection
	GlobalSection(SolutionProperties) = preSolution
		HideSolutionNode = FALSE
	EndGlobalSection
	GlobalSection(ExtensibilityGlobals) = postSolution
		SolutionGuid = {63CA7093-262C-48FA-AEFF-53AE003B0527}
	EndGlobalSection
EndGlobal
